
Microsoft Visual Studio Solution File, Format Version 12.00
# Visual Studio Version 16
VisualStudioVersion = 16.0.29728.190
MinimumVisualStudioVersion = 10.0.40219.1
Project("{FAE04EC0-301F-11D3-BF4B-00C04F79EFBC}") = "IdeasApp", "IdeasApp\IdeasApp.csproj", "{548C0721-95D5-4776-9475-FD13E0C4F231}"
EndProject
Project("{9A19103F-16F7-4668-BE54-9A1E7A4F7556}") = "IdeasAppUnitTests", "..\IdeasAppUnitTests\IdeasAppUnitTests\IdeasAppUnitTests.csproj", "{BE9C480D-05B4-4C77-A717-36A0B47768DA}"
EndProject
Global
	GlobalSection(SolutionConfigurationPlatforms) = preSolution
		Debug|Any CPU = Debug|Any CPU
		Release|Any CPU = Release|Any CPU
	EndGlobalSection
	GlobalSection(ProjectConfigurationPlatforms) = postSolution
		{548C0721-95D5-4776-9475-FD13E0C4F231}.Debug|Any CPU.ActiveCfg = Debug|Any CPU
		{548C0721-95D5-4776-9475-FD13E0C4F231}.Debug|Any CPU.Build.0 = Debug|Any CPU
		{548C0721-95D5-4776-9475-FD13E0C4F231}.Release|Any CPU.ActiveCfg = Release|Any CPU
		{548C0721-95D5-4776-9475-FD13E0C4F231}.Release|Any CPU.Build.0 = Release|Any CPU
		{BE9C480D-05B4-4C77-A717-36A0B47768DA}.Debug|Any CPU.ActiveCfg = Debug|Any CPU
		{BE9C480D-05B4-4C77-A717-36A0B47768DA}.Debug|Any CPU.Build.0 = Debug|Any CPU
		{BE9C480D-05B4-4C77-A717-36A0B47768DA}.Release|Any CPU.ActiveCfg = Release|Any CPU
		{BE9C480D-05B4-4C77-A717-36A0B47768DA}.Release|Any CPU.Build.0 = Release|Any CPU
	EndGlobalSection
	GlobalSection(SolutionProperties) = preSolution
		HideSolutionNode = FALSE
	EndGlobalSection
	GlobalSection(ExtensibilityGlobals) = postSolution
		SolutionGuid = {03C3E81C-606B-4346-9F1A-E9C37EC45932}
	EndGlobalSection
EndGlobal
